
Microsoft Visual Studio Solution File, Format Version 12.00
# Visual Studio 15
VisualStudioVersion = 15.0.28307.136
MinimumVisualStudioVersion = 10.0.40219.1
Project("{FAE04EC0-301F-11D3-BF4B-00C04F79EFBC}") = "WebApplication2", "WebApplication2\WebApplication2.csproj", "{390378DE-31F4-4AC9-A42C-5D971A8B9BBC}"
EndProject
Global
	GlobalSection(SolutionConfigurationPlatforms) = preSolution
		Debug|Any CPU = Debug|Any CPU
		Release|Any CPU = Release|Any CPU
	EndGlobalSection
	GlobalSection(ProjectConfigurationPlatforms) = postSolution
		{390378DE-31F4-4AC9-A42C-5D971A8B9BBC}.Debug|Any CPU.ActiveCfg = Debug|Any CPU
		{390378DE-31F4-4AC9-A42C-5D971A8B9BBC}.Debug|Any CPU.Build.0 = Debug|Any CPU
		{390378DE-31F4-4AC9-A42C-5D971A8B9BBC}.Release|Any CPU.ActiveCfg = Release|Any CPU
		{390378DE-31F4-4AC9-A42C-5D971A8B9BBC}.Release|Any CPU.Build.0 = Release|Any CPU
	EndGlobalSection
	GlobalSection(SolutionProperties) = preSolution
		HideSolutionNode = FALSE
	EndGlobalSection
	GlobalSection(ExtensibilityGlobals) = postSolution
		SolutionGuid = {84FDD7AB-38AE-4D3E-A188-AE2D95FF3638}
	EndGlobalSection
EndGlobal
